
Microsoft Visual Studio Solution File, Format Version 12.00
# Visual Studio Version 16
VisualStudioVersion = 16.0.30621.155
MinimumVisualStudioVersion = 10.0.40219.1
Project("{9A19103F-16F7-4668-BE54-9A1E7A4F7556}") = "MyFirstProject", "MyFirstProject\MyFirstProject.csproj", "{60514927-2F2F-4906-8365-CBE7874D8C09}"
EndProject
Project("{FAE04EC0-301F-11D3-BF4B-00C04F79EFBC}") = "Expression", "Expression\Expression.csproj", "{2347A5F6-CC8C-4ED9-8231-112A0C2E571B}"
EndProject
Global
	GlobalSection(SolutionConfigurationPlatforms) = preSolution
		Debug|Any CPU = Debug|Any CPU
		Release|Any CPU = Release|Any CPU
	EndGlobalSection
	GlobalSection(ProjectConfigurationPlatforms) = postSolution
		{60514927-2F2F-4906-8365-CBE7874D8C09}.Debug|Any CPU.ActiveCfg = Debug|Any CPU
		{60514927-2F2F-4906-8365-CBE7874D8C09}.Debug|Any CPU.Build.0 = Debug|Any CPU
		{60514927-2F2F-4906-8365-CBE7874D8C09}.Release|Any CPU.ActiveCfg = Release|Any CPU
		{60514927-2F2F-4906-8365-CBE7874D8C09}.Release|Any CPU.Build.0 = Release|Any CPU
		{2347A5F6-CC8C-4ED9-8231-112A0C2E571B}.Debug|Any CPU.ActiveCfg = Debug|Any CPU
		{2347A5F6-CC8C-4ED9-8231-112A0C2E571B}.Debug|Any CPU.Build.0 = Debug|Any CPU
		{2347A5F6-CC8C-4ED9-8231-112A0C2E571B}.Release|Any CPU.ActiveCfg = Release|Any CPU
		{2347A5F6-CC8C-4ED9-8231-112A0C2E571B}.Release|Any CPU.Build.0 = Release|Any CPU
	EndGlobalSection
	GlobalSection(SolutionProperties) = preSolution
		HideSolutionNode = FALSE
	EndGlobalSection
	GlobalSection(ExtensibilityGlobals) = postSolution
		SolutionGuid = {D5B05E6E-E2CB-43E1-B33D-52FE46D2CB8A}
	EndGlobalSection
EndGlobal
